// !$*UTF8*$!
{
	archiveVersion = 1;
	classes = {
	};
	objectVersion = 46;
	objects = {

/* Begin PBXBuildFile section */
		E7083E251DBCE969001563DA /* PopupTabbarTransitionAnimation.swift in Sources */ = {isa = PBXBuildFile; fileRef = E7083E241DBCE969001563DA /* PopupTabbarTransitionAnimation.swift */; };
		E71E18061DCF347F008F8665 /* RSCustomTabbarControllerBasic.m in Sources */ = {isa = PBXBuildFile; fileRef = E71E18051DCF347F008F8665 /* RSCustomTabbarControllerBasic.m */; };
		E71FA6751DBBBF4700EBA7A4 /* Demo5TabbarController.swift in Sources */ = {isa = PBXBuildFile; fileRef = E71FA6741DBBBF4700EBA7A4 /* Demo5TabbarController.swift */; };
		E71FA6771DBBC01200EBA7A4 /* demo5.storyboard in Resources */ = {isa = PBXBuildFile; fileRef = E71FA6761DBBC01200EBA7A4 /* demo5.storyboard */; };
		E7556C2B1DA924D40024B8A5 /* BrowserChildVC.m in Sources */ = {isa = PBXBuildFile; fileRef = E7556C2A1DA924D40024B8A5 /* BrowserChildVC.m */; };
		E7AAFBCA1DA0B2F800F22F21 /* AppDelegate.m in Sources */ = {isa = PBXBuildFile; fileRef = E7AAFBA51DA0B2F800F22F21 /* AppDelegate.m */; };
		E7AAFBCB1DA0B2F800F22F21 /* Assets.xcassets in Resources */ = {isa = PBXBuildFile; fileRef = E7AAFBA61DA0B2F800F22F21 /* Assets.xcassets */; };
		E7AAFBCC1DA0B2F800F22F21 /* LaunchScreen.storyboard in Resources */ = {isa = PBXBuildFile; fileRef = E7AAFBA71DA0B2F800F22F21 /* LaunchScreen.storyboard */; };
		E7AAFBCD1DA0B2F800F22F21 /* childs.storyboard in Resources */ = {isa = PBXBuildFile; fileRef = E7AAFBAA1DA0B2F800F22F21 /* childs.storyboard */; };
		E7AAFBCE1DA0B2F800F22F21 /* ChildVC.m in Sources */ = {isa = PBXBuildFile; fileRef = E7AAFBAC1DA0B2F800F22F21 /* ChildVC.m */; };
		E7AAFBCF1DA0B2F800F22F21 /* RSCustomTabbarController.m in Sources */ = {isa = PBXBuildFile; fileRef = E7AAFBAF1DA0B2F800F22F21 /* RSCustomTabbarController.m */; };
		E7AAFBD31DA0B2F800F22F21 /* demo1.storyboard in Resources */ = {isa = PBXBuildFile; fileRef = E7AAFBB81DA0B2F800F22F21 /* demo1.storyboard */; };
		E7AAFBD41DA0B2F800F22F21 /* Demo1TabbarController.m in Sources */ = {isa = PBXBuildFile; fileRef = E7AAFBBA1DA0B2F800F22F21 /* Demo1TabbarController.m */; };
		E7AAFBD51DA0B2F800F22F21 /* demo2.storyboard in Resources */ = {isa = PBXBuildFile; fileRef = E7AAFBBC1DA0B2F800F22F21 /* demo2.storyboard */; };
		E7AAFBD61DA0B2F800F22F21 /* Demo2TabbarController.m in Sources */ = {isa = PBXBuildFile; fileRef = E7AAFBBE1DA0B2F800F22F21 /* Demo2TabbarController.m */; };
		E7AAFBD71DA0B2F800F22F21 /* demo3.storyboard in Resources */ = {isa = PBXBuildFile; fileRef = E7AAFBC01DA0B2F800F22F21 /* demo3.storyboard */; };
		E7AAFBD81DA0B2F800F22F21 /* Demo3TabbarController.m in Sources */ = {isa = PBXBuildFile; fileRef = E7AAFBC21DA0B2F800F22F21 /* Demo3TabbarController.m */; };
		E7AAFBD91DA0B2F800F22F21 /* Info.plist in Resources */ = {isa = PBXBuildFile; fileRef = E7AAFBC31DA0B2F800F22F21 /* Info.plist */; };
		E7AAFBDA1DA0B2F800F22F21 /* main.m in Sources */ = {isa = PBXBuildFile; fileRef = E7AAFBC41DA0B2F800F22F21 /* main.m */; };
		E7AAFBDB1DA0B2F800F22F21 /* menu.storyboard in Resources */ = {isa = PBXBuildFile; fileRef = E7AAFBC51DA0B2F800F22F21 /* menu.storyboard */; };
		E7AAFBDC1DA0B2F800F22F21 /* MenuTableCell.m in Sources */ = {isa = PBXBuildFile; fileRef = E7AAFBC71DA0B2F800F22F21 /* MenuTableCell.m */; };
		E7AAFBDD1DA0B2F800F22F21 /* MenuTableViewController.m in Sources */ = {isa = PBXBuildFile; fileRef = E7AAFBC91DA0B2F800F22F21 /* MenuTableViewController.m */; };
		E7AAFBE61DA0F07400F22F21 /* FadingTabbarTransitionAnimation.m in Sources */ = {isa = PBXBuildFile; fileRef = E7AAFBE11DA0F07400F22F21 /* FadingTabbarTransitionAnimation.m */; };
		E7AAFBE71DA0F07400F22F21 /* JumpInTabbarTransitionAnimation.m in Sources */ = {isa = PBXBuildFile; fileRef = E7AAFBE31DA0F07400F22F21 /* JumpInTabbarTransitionAnimation.m */; };
		E7AAFBE81DA0F07400F22F21 /* SlidingTabbarTransitionAnimation.m in Sources */ = {isa = PBXBuildFile; fileRef = E7AAFBE51DA0F07400F22F21 /* SlidingTabbarTransitionAnimation.m */; };
		E7B0A22E1DA825BD00BF5AE3 /* demo4.storyboard in Resources */ = {isa = PBXBuildFile; fileRef = E7B0A22D1DA825BD00BF5AE3 /* demo4.storyboard */; };
		E7B0A2311DA825EA00BF5AE3 /* Demo4TabbarController.m in Sources */ = {isa = PBXBuildFile; fileRef = E7B0A2301DA825EA00BF5AE3 /* Demo4TabbarController.m */; };
		E7B0A2341DA84F7D00BF5AE3 /* Demo4TabbarCell.m in Sources */ = {isa = PBXBuildFile; fileRef = E7B0A2331DA84F7D00BF5AE3 /* Demo4TabbarCell.m */; };
		E7E8D4101DBC651400094EB3 /* SwiftChildVC.swift in Sources */ = {isa = PBXBuildFile; fileRef = E7E8D40F1DBC651400094EB3 /* SwiftChildVC.swift */; };
		E7EE286A1DCEE0F200DF24A3 /* MenuData.plist in Resources */ = {isa = PBXBuildFile; fileRef = E7EE28691DCEE0F200DF24A3 /* MenuData.plist */; };
/* End PBXBuildFile section */

/* Begin PBXFileReference section */
		E7083E241DBCE969001563DA /* PopupTabbarTransitionAnimation.swift */ = {isa = PBXFileReference; fileEncoding = 4; lastKnownFileType = sourcecode.swift; path = PopupTabbarTransitionAnimation.swift; sourceTree = "<group>"; };
		E71E18041DCF347F008F8665 /* RSCustomTabbarControllerBasic.h */ = {isa = PBXFileReference; fileEncoding = 4; lastKnownFileType = sourcecode.c.h; path = RSCustomTabbarControllerBasic.h; sourceTree = "<group>"; };
		E71E18051DCF347F008F8665 /* RSCustomTabbarControllerBasic.m */ = {isa = PBXFileReference; fileEncoding = 4; lastKnownFileType = sourcecode.c.objc; path = RSCustomTabbarControllerBasic.m; sourceTree = "<group>"; };
		E71FA6731DBBBF4600EBA7A4 /* RSCustomTabbarController-Bridging-Header.h */ = {isa = PBXFileReference; lastKnownFileType = sourcecode.c.h; path = "RSCustomTabbarController-Bridging-Header.h"; sourceTree = "<group>"; };
		E71FA6741DBBBF4700EBA7A4 /* Demo5TabbarController.swift */ = {isa = PBXFileReference; fileEncoding = 4; lastKnownFileType = sourcecode.swift; path = Demo5TabbarController.swift; sourceTree = "<group>"; };
		E71FA6761DBBC01200EBA7A4 /* demo5.storyboard */ = {isa = PBXFileReference; fileEncoding = 4; lastKnownFileType = file.storyboard; path = demo5.storyboard; sourceTree = "<group>"; };
		E73D3B2B1DC1B24700FE1773 /* RSCustomTabbarControllerLifecycleDelegte.h */ = {isa = PBXFileReference; fileEncoding = 4; lastKnownFileType = sourcecode.c.h; path = RSCustomTabbarControllerLifecycleDelegte.h; sourceTree = "<group>"; };
		E7556C291DA924D40024B8A5 /* BrowserChildVC.h */ = {isa = PBXFileReference; fileEncoding = 4; lastKnownFileType = sourcecode.c.h; path = BrowserChildVC.h; sourceTree = "<group>"; };
		E7556C2A1DA924D40024B8A5 /* BrowserChildVC.m */ = {isa = PBXFileReference; fileEncoding = 4; lastKnownFileType = sourcecode.c.objc; path = BrowserChildVC.m; sourceTree = "<group>"; };
		E7AAFBA41DA0B2F800F22F21 /* AppDelegate.h */ = {isa = PBXFileReference; fileEncoding = 4; lastKnownFileType = sourcecode.c.h; path = AppDelegate.h; sourceTree = "<group>"; };
		E7AAFBA51DA0B2F800F22F21 /* AppDelegate.m */ = {isa = PBXFileReference; fileEncoding = 4; lastKnownFileType = sourcecode.c.objc; path = AppDelegate.m; sourceTree = "<group>"; };
		E7AAFBA61DA0B2F800F22F21 /* Assets.xcassets */ = {isa = PBXFileReference; lastKnownFileType = folder.assetcatalog; path = Assets.xcassets; sourceTree = "<group>"; };
		E7AAFBA81DA0B2F800F22F21 /* Base */ = {isa = PBXFileReference; lastKnownFileType = file.storyboard; name = Base; path = Base.lproj/LaunchScreen.storyboard; sourceTree = "<group>"; };
		E7AAFBAA1DA0B2F800F22F21 /* childs.storyboard */ = {isa = PBXFileReference; fileEncoding = 4; lastKnownFileType = file.storyboard; path = childs.storyboard; sourceTree = "<group>"; };
		E7AAFBAB1DA0B2F800F22F21 /* ChildVC.h */ = {isa = PBXFileReference; fileEncoding = 4; lastKnownFileType = sourcecode.c.h; path = ChildVC.h; sourceTree = "<group>"; };
		E7AAFBAC1DA0B2F800F22F21 /* ChildVC.m */ = {isa = PBXFileReference; fileEncoding = 4; lastKnownFileType = sourcecode.c.objc; path = ChildVC.m; sourceTree = "<group>"; };
		E7AAFBAE1DA0B2F800F22F21 /* RSCustomTabbarController.h */ = {isa = PBXFileReference; fileEncoding = 4; lastKnownFileType = sourcecode.c.h; path = RSCustomTabbarController.h; sourceTree = "<group>"; };
		E7AAFBAF1DA0B2F800F22F21 /* RSCustomTabbarController.m */ = {isa = PBXFileReference; fileEncoding = 4; lastKnownFileType = sourcecode.c.objc; path = RSCustomTabbarController.m; sourceTree = "<group>"; };
		E7AAFBB81DA0B2F800F22F21 /* demo1.storyboard */ = {isa = PBXFileReference; fileEncoding = 4; lastKnownFileType = file.storyboard; path = demo1.storyboard; sourceTree = "<group>"; };
		E7AAFBB91DA0B2F800F22F21 /* Demo1TabbarController.h */ = {isa = PBXFileReference; fileEncoding = 4; lastKnownFileType = sourcecode.c.h; path = Demo1TabbarController.h; sourceTree = "<group>"; };
		E7AAFBBA1DA0B2F800F22F21 /* Demo1TabbarController.m */ = {isa = PBXFileReference; fileEncoding = 4; lastKnownFileType = sourcecode.c.objc; path = Demo1TabbarController.m; sourceTree = "<group>"; };
		E7AAFBBC1DA0B2F800F22F21 /* demo2.storyboard */ = {isa = PBXFileReference; fileEncoding = 4; lastKnownFileType = file.storyboard; path = demo2.storyboard; sourceTree = "<group>"; };
		E7AAFBBD1DA0B2F800F22F21 /* Demo2TabbarController.h */ = {isa = PBXFileReference; fileEncoding = 4; lastKnownFileType = sourcecode.c.h; path = Demo2TabbarController.h; sourceTree = "<group>"; };
		E7AAFBBE1DA0B2F800F22F21 /* Demo2TabbarController.m */ = {isa = PBXFileReference; fileEncoding = 4; lastKnownFileType = sourcecode.c.objc; path = Demo2TabbarController.m; sourceTree = "<group>"; };
		E7AAFBC01DA0B2F800F22F21 /* demo3.storyboard */ = {isa = PBXFileReference; fileEncoding = 4; lastKnownFileType = file.storyboard; path = demo3.storyboard; sourceTree = "<group>"; };
		E7AAFBC11DA0B2F800F22F21 /* Demo3TabbarController.h */ = {isa = PBXFileReference; fileEncoding = 4; lastKnownFileType = sourcecode.c.h; path = Demo3TabbarController.h; sourceTree = "<group>"; };
		E7AAFBC21DA0B2F800F22F21 /* Demo3TabbarController.m */ = {isa = PBXFileReference; fileEncoding = 4; lastKnownFileType = sourcecode.c.objc; path = Demo3TabbarController.m; sourceTree = "<group>"; };
		E7AAFBC31DA0B2F800F22F21 /* Info.plist */ = {isa = PBXFileReference; fileEncoding = 4; lastKnownFileType = text.plist.xml; path = Info.plist; sourceTree = "<group>"; };
		E7AAFBC41DA0B2F800F22F21 /* main.m */ = {isa = PBXFileReference; fileEncoding = 4; lastKnownFileType = sourcecode.c.objc; path = main.m; sourceTree = "<group>"; };
		E7AAFBC51DA0B2F800F22F21 /* menu.storyboard */ = {isa = PBXFileReference; fileEncoding = 4; lastKnownFileType = file.storyboard; path = menu.storyboard; sourceTree = "<group>"; };
		E7AAFBC61DA0B2F800F22F21 /* MenuTableCell.h */ = {isa = PBXFileReference; fileEncoding = 4; lastKnownFileType = sourcecode.c.h; path = MenuTableCell.h; sourceTree = "<group>"; };
		E7AAFBC71DA0B2F800F22F21 /* MenuTableCell.m */ = {isa = PBXFileReference; fileEncoding = 4; lastKnownFileType = sourcecode.c.objc; path = MenuTableCell.m; sourceTree = "<group>"; };
		E7AAFBC81DA0B2F800F22F21 /* MenuTableViewController.h */ = {isa = PBXFileReference; fileEncoding = 4; lastKnownFileType = sourcecode.c.h; path = MenuTableViewController.h; sourceTree = "<group>"; };
		E7AAFBC91DA0B2F800F22F21 /* MenuTableViewController.m */ = {isa = PBXFileReference; fileEncoding = 4; lastKnownFileType = sourcecode.c.objc; path = MenuTableViewController.m; sourceTree = "<group>"; };
		E7AAFBDE1DA0F03100F22F21 /* RSCustomTabbarTransitionAnimationDelegate.h */ = {isa = PBXFileReference; lastKnownFileType = sourcecode.c.h; path = RSCustomTabbarTransitionAnimationDelegate.h; sourceTree = "<group>"; };
		E7AAFBE01DA0F07400F22F21 /* FadingTabbarTransitionAnimation.h */ = {isa = PBXFileReference; fileEncoding = 4; lastKnownFileType = sourcecode.c.h; path = FadingTabbarTransitionAnimation.h; sourceTree = "<group>"; };
		E7AAFBE11DA0F07400F22F21 /* FadingTabbarTransitionAnimation.m */ = {isa = PBXFileReference; fileEncoding = 4; lastKnownFileType = sourcecode.c.objc; path = FadingTabbarTransitionAnimation.m; sourceTree = "<group>"; };
		E7AAFBE21DA0F07400F22F21 /* JumpInTabbarTransitionAnimation.h */ = {isa = PBXFileReference; fileEncoding = 4; lastKnownFileType = sourcecode.c.h; path = JumpInTabbarTransitionAnimation.h; sourceTree = "<group>"; };
		E7AAFBE31DA0F07400F22F21 /* JumpInTabbarTransitionAnimation.m */ = {isa = PBXFileReference; fileEncoding = 4; lastKnownFileType = sourcecode.c.objc; path = JumpInTabbarTransitionAnimation.m; sourceTree = "<group>"; };
		E7AAFBE41DA0F07400F22F21 /* SlidingTabbarTransitionAnimation.h */ = {isa = PBXFileReference; fileEncoding = 4; lastKnownFileType = sourcecode.c.h; path = SlidingTabbarTransitionAnimation.h; sourceTree = "<group>"; };
		E7AAFBE51DA0F07400F22F21 /* SlidingTabbarTransitionAnimation.m */ = {isa = PBXFileReference; fileEncoding = 4; lastKnownFileType = sourcecode.c.objc; path = SlidingTabbarTransitionAnimation.m; sourceTree = "<group>"; };
		E7AAFBE91DA0F0E000F22F21 /* RSCustomTabbarImplementationDelegate.h */ = {isa = PBXFileReference; lastKnownFileType = sourcecode.c.h; path = RSCustomTabbarImplementationDelegate.h; sourceTree = "<group>"; };
		E7AAFBEA1DA0F1B600F22F21 /* RSCustomTabbarDelegate.h */ = {isa = PBXFileReference; lastKnownFileType = sourcecode.c.h; path = RSCustomTabbarDelegate.h; sourceTree = "<group>"; };
		E7B0A22D1DA825BD00BF5AE3 /* demo4.storyboard */ = {isa = PBXFileReference; fileEncoding = 4; lastKnownFileType = file.storyboard; path = demo4.storyboard; sourceTree = "<group>"; };
		E7B0A22F1DA825EA00BF5AE3 /* Demo4TabbarController.h */ = {isa = PBXFileReference; fileEncoding = 4; lastKnownFileType = sourcecode.c.h; path = Demo4TabbarController.h; sourceTree = "<group>"; };
		E7B0A2301DA825EA00BF5AE3 /* Demo4TabbarController.m */ = {isa = PBXFileReference; fileEncoding = 4; lastKnownFileType = sourcecode.c.objc; path = Demo4TabbarController.m; sourceTree = "<group>"; };
		E7B0A2321DA84F7D00BF5AE3 /* Demo4TabbarCell.h */ = {isa = PBXFileReference; fileEncoding = 4; lastKnownFileType = sourcecode.c.h; path = Demo4TabbarCell.h; sourceTree = "<group>"; };
		E7B0A2331DA84F7D00BF5AE3 /* Demo4TabbarCell.m */ = {isa = PBXFileReference; fileEncoding = 4; lastKnownFileType = sourcecode.c.objc; path = Demo4TabbarCell.m; sourceTree = "<group>"; };
		E7DC9B451D748AA2008DBEC9 /* RSCustomTabbarController.app */ = {isa = PBXFileReference; explicitFileType = wrapper.application; includeInIndex = 0; path = RSCustomTabbarController.app; sourceTree = BUILT_PRODUCTS_DIR; };
		E7E8D40F1DBC651400094EB3 /* SwiftChildVC.swift */ = {isa = PBXFileReference; fileEncoding = 4; lastKnownFileType = sourcecode.swift; path = SwiftChildVC.swift; sourceTree = "<group>"; };
		E7EE28691DCEE0F200DF24A3 /* MenuData.plist */ = {isa = PBXFileReference; fileEncoding = 4; lastKnownFileType = text.plist.xml; path = MenuData.plist; sourceTree = "<group>"; };
/* End PBXFileReference section */

/* Begin PBXFrameworksBuildPhase section */
		E7DC9B421D748AA2008DBEC9 /* Frameworks */ = {
			isa = PBXFrameworksBuildPhase;
			buildActionMask = 2147483647;
			files = (
			);
			runOnlyForDeploymentPostprocessing = 0;
		};
/* End PBXFrameworksBuildPhase section */

/* Begin PBXGroup section */
		E772204E1DBB9D060071EF51 /* Demo5 */ = {
			isa = PBXGroup;
			children = (
				E71FA6731DBBBF4600EBA7A4 /* RSCustomTabbarController-Bridging-Header.h */,
				E71FA6741DBBBF4700EBA7A4 /* Demo5TabbarController.swift */,
				E71FA6761DBBC01200EBA7A4 /* demo5.storyboard */,
				E7E8D40F1DBC651400094EB3 /* SwiftChildVC.swift */,
			);
			path = Demo5;
			sourceTree = "<group>";
		};
		E7AAFBA31DA0B2F800F22F21 /* RSCustomTabbarController */ = {
			isa = PBXGroup;
			children = (
				E7AAFBAD1DA0B2F800F22F21 /* CustomTabbarConroller */,
				E7AAFBA91DA0B2F800F22F21 /* common */,
				E7AAFBDF1DA0F07400F22F21 /* Demo Transition Animation */,
				E7AAFBB71DA0B2F800F22F21 /* Demo1 */,
				E7AAFBBB1DA0B2F800F22F21 /* Demo2 */,
				E7AAFBBF1DA0B2F800F22F21 /* Demo3 */,
				E7B0A22C1DA8259200BF5AE3 /* Demo4 */,
				E772204E1DBB9D060071EF51 /* Demo5 */,
				E7AAFBA41DA0B2F800F22F21 /* AppDelegate.h */,
				E7AAFBA51DA0B2F800F22F21 /* AppDelegate.m */,
				E7AAFBA61DA0B2F800F22F21 /* Assets.xcassets */,
				E7AAFBA71DA0B2F800F22F21 /* LaunchScreen.storyboard */,
				E7AAFBC31DA0B2F800F22F21 /* Info.plist */,
				E7AAFBC41DA0B2F800F22F21 /* main.m */,
				E7AAFBC51DA0B2F800F22F21 /* menu.storyboard */,
				E7AAFBC61DA0B2F800F22F21 /* MenuTableCell.h */,
				E7AAFBC71DA0B2F800F22F21 /* MenuTableCell.m */,
				E7AAFBC81DA0B2F800F22F21 /* MenuTableViewController.h */,
				E7AAFBC91DA0B2F800F22F21 /* MenuTableViewController.m */,
				E7EE28691DCEE0F200DF24A3 /* MenuData.plist */,
			);
			path = RSCustomTabbarController;
			sourceTree = "<group>";
		};
		E7AAFBA91DA0B2F800F22F21 /* common */ = {
			isa = PBXGroup;
			children = (
				E7AAFBAA1DA0B2F800F22F21 /* childs.storyboard */,
				E7AAFBAB1DA0B2F800F22F21 /* ChildVC.h */,
				E7AAFBAC1DA0B2F800F22F21 /* ChildVC.m */,
				E7556C291DA924D40024B8A5 /* BrowserChildVC.h */,
				E7556C2A1DA924D40024B8A5 /* BrowserChildVC.m */,
			);
			path = common;
			sourceTree = "<group>";
		};
		E7AAFBAD1DA0B2F800F22F21 /* CustomTabbarConroller */ = {
			isa = PBXGroup;
			children = (
				E7AAFBAE1DA0B2F800F22F21 /* RSCustomTabbarController.h */,
				E7AAFBAF1DA0B2F800F22F21 /* RSCustomTabbarController.m */,
				E71E18041DCF347F008F8665 /* RSCustomTabbarControllerBasic.h */,
				E71E18051DCF347F008F8665 /* RSCustomTabbarControllerBasic.m */,
				E7AAFBDE1DA0F03100F22F21 /* RSCustomTabbarTransitionAnimationDelegate.h */,
				E7AAFBE91DA0F0E000F22F21 /* RSCustomTabbarImplementationDelegate.h */,
				E7AAFBEA1DA0F1B600F22F21 /* RSCustomTabbarDelegate.h */,
				E73D3B2B1DC1B24700FE1773 /* RSCustomTabbarControllerLifecycleDelegte.h */,
			);
			path = CustomTabbarConroller;
			sourceTree = "<group>";
		};
		E7AAFBB71DA0B2F800F22F21 /* Demo1 */ = {
			isa = PBXGroup;
			children = (
				E7AAFBB81DA0B2F800F22F21 /* demo1.storyboard */,
				E7AAFBB91DA0B2F800F22F21 /* Demo1TabbarController.h */,
				E7AAFBBA1DA0B2F800F22F21 /* Demo1TabbarController.m */,
			);
			path = Demo1;
			sourceTree = "<group>";
		};
		E7AAFBBB1DA0B2F800F22F21 /* Demo2 */ = {
			isa = PBXGroup;
			children = (
				E7AAFBBC1DA0B2F800F22F21 /* demo2.storyboard */,
				E7AAFBBD1DA0B2F800F22F21 /* Demo2TabbarController.h */,
				E7AAFBBE1DA0B2F800F22F21 /* Demo2TabbarController.m */,
			);
			path = Demo2;
			sourceTree = "<group>";
		};
		E7AAFBBF1DA0B2F800F22F21 /* Demo3 */ = {
			isa = PBXGroup;
			children = (
				E7AAFBC01DA0B2F800F22F21 /* demo3.storyboard */,
				E7AAFBC11DA0B2F800F22F21 /* Demo3TabbarController.h */,
				E7AAFBC21DA0B2F800F22F21 /* Demo3TabbarController.m */,
			);
			path = Demo3;
			sourceTree = "<group>";
		};
		E7AAFBDF1DA0F07400F22F21 /* Demo Transition Animation */ = {
			isa = PBXGroup;
			children = (
				E7AAFBE01DA0F07400F22F21 /* FadingTabbarTransitionAnimation.h */,
				E7AAFBE11DA0F07400F22F21 /* FadingTabbarTransitionAnimation.m */,
				E7AAFBE21DA0F07400F22F21 /* JumpInTabbarTransitionAnimation.h */,
				E7AAFBE31DA0F07400F22F21 /* JumpInTabbarTransitionAnimation.m */,
				E7AAFBE41DA0F07400F22F21 /* SlidingTabbarTransitionAnimation.h */,
				E7AAFBE51DA0F07400F22F21 /* SlidingTabbarTransitionAnimation.m */,
				E7083E241DBCE969001563DA /* PopupTabbarTransitionAnimation.swift */,
			);
			path = "Demo Transition Animation";
			sourceTree = "<group>";
		};
		E7B0A22C1DA8259200BF5AE3 /* Demo4 */ = {
			isa = PBXGroup;
			children = (
				E7B0A22D1DA825BD00BF5AE3 /* demo4.storyboard */,
				E7B0A22F1DA825EA00BF5AE3 /* Demo4TabbarController.h */,
				E7B0A2301DA825EA00BF5AE3 /* Demo4TabbarController.m */,
				E7B0A2321DA84F7D00BF5AE3 /* Demo4TabbarCell.h */,
				E7B0A2331DA84F7D00BF5AE3 /* Demo4TabbarCell.m */,
			);
			path = Demo4;
			sourceTree = "<group>";
		};
		E7DC9B3C1D748AA2008DBEC9 = {
			isa = PBXGroup;
			children = (
				E7AAFBA31DA0B2F800F22F21 /* RSCustomTabbarController */,
				E7DC9B461D748AA2008DBEC9 /* Products */,
			);
			sourceTree = "<group>";
		};
		E7DC9B461D748AA2008DBEC9 /* Products */ = {
			isa = PBXGroup;
			children = (
				E7DC9B451D748AA2008DBEC9 /* RSCustomTabbarController.app */,
			);
			name = Products;
			sourceTree = "<group>";
		};
/* End PBXGroup section */

/* Begin PBXNativeTarget section */
		E7DC9B441D748AA2008DBEC9 /* RSCustomTabbarController */ = {
			isa = PBXNativeTarget;
			buildConfigurationList = E7DC9B5C1D748AA2008DBEC9 /* Build configuration list for PBXNativeTarget "RSCustomTabbarController" */;
			buildPhases = (
				E7DC9B411D748AA2008DBEC9 /* Sources */,
				E7DC9B421D748AA2008DBEC9 /* Frameworks */,
				E7DC9B431D748AA2008DBEC9 /* Resources */,
			);
			buildRules = (
			);
			dependencies = (
			);
			name = RSCustomTabbarController;
			productName = CustomTabbarController;
			productReference = E7DC9B451D748AA2008DBEC9 /* RSCustomTabbarController.app */;
			productType = "com.apple.product-type.application";
		};
/* End PBXNativeTarget section */

/* Begin PBXProject section */
		E7DC9B3D1D748AA2008DBEC9 /* Project object */ = {
			isa = PBXProject;
			attributes = {
				LastUpgradeCheck = 0730;
				ORGANIZATIONNAME = funtoos;
				TargetAttributes = {
					E7DC9B441D748AA2008DBEC9 = {
						CreatedOnToolsVersion = 7.3.1;
					};
				};
			};
			buildConfigurationList = E7DC9B401D748AA2008DBEC9 /* Build configuration list for PBXProject "RSCustomTabbarController" */;
			compatibilityVersion = "Xcode 3.2";
			developmentRegion = English;
			hasScannedForEncodings = 0;
			knownRegions = (
				en,
				Base,
			);
			mainGroup = E7DC9B3C1D748AA2008DBEC9;
			productRefGroup = E7DC9B461D748AA2008DBEC9 /* Products */;
			projectDirPath = "";
			projectRoot = "";
			targets = (
				E7DC9B441D748AA2008DBEC9 /* RSCustomTabbarController */,
			);
		};
/* End PBXProject section */

/* Begin PBXResourcesBuildPhase section */
		E7DC9B431D748AA2008DBEC9 /* Resources */ = {
			isa = PBXResourcesBuildPhase;
			buildActionMask = 2147483647;
			files = (
				E7EE286A1DCEE0F200DF24A3 /* MenuData.plist in Resources */,
				E7AAFBCB1DA0B2F800F22F21 /* Assets.xcassets in Resources */,
				E71FA6771DBBC01200EBA7A4 /* demo5.storyboard in Resources */,
				E7AAFBD51DA0B2F800F22F21 /* demo2.storyboard in Resources */,
				E7AAFBD31DA0B2F800F22F21 /* demo1.storyboard in Resources */,
				E7AAFBDB1DA0B2F800F22F21 /* menu.storyboard in Resources */,
				E7AAFBD71DA0B2F800F22F21 /* demo3.storyboard in Resources */,
				E7AAFBCD1DA0B2F800F22F21 /* childs.storyboard in Resources */,
				E7AAFBCC1DA0B2F800F22F21 /* LaunchScreen.storyboard in Resources */,
				E7AAFBD91DA0B2F800F22F21 /* Info.plist in Resources */,
				E7B0A22E1DA825BD00BF5AE3 /* demo4.storyboard in Resources */,
			);
			runOnlyForDeploymentPostprocessing = 0;
		};
/* End PBXResourcesBuildPhase section */

/* Begin PBXSourcesBuildPhase section */
		E7DC9B411D748AA2008DBEC9 /* Sources */ = {
			isa = PBXSourcesBuildPhase;
			buildActionMask = 2147483647;
			files = (
				E71E18061DCF347F008F8665 /* RSCustomTabbarControllerBasic.m in Sources */,
				E71FA6751DBBBF4700EBA7A4 /* Demo5TabbarController.swift in Sources */,
				E7556C2B1DA924D40024B8A5 /* BrowserChildVC.m in Sources */,
				E7AAFBDC1DA0B2F800F22F21 /* MenuTableCell.m in Sources */,
				E7AAFBDA1DA0B2F800F22F21 /* main.m in Sources */,
				E7B0A2311DA825EA00BF5AE3 /* Demo4TabbarController.m in Sources */,
				E7AAFBE81DA0F07400F22F21 /* SlidingTabbarTransitionAnimation.m in Sources */,
				E7083E251DBCE969001563DA /* PopupTabbarTransitionAnimation.swift in Sources */,
				E7E8D4101DBC651400094EB3 /* SwiftChildVC.swift in Sources */,
				E7AAFBD81DA0B2F800F22F21 /* Demo3TabbarController.m in Sources */,
				E7AAFBDD1DA0B2F800F22F21 /* MenuTableViewController.m in Sources */,
				E7AAFBD61DA0B2F800F22F21 /* Demo2TabbarController.m in Sources */,
				E7AAFBE71DA0F07400F22F21 /* JumpInTabbarTransitionAnimation.m in Sources */,
				E7AAFBD41DA0B2F800F22F21 /* Demo1TabbarController.m in Sources */,
				E7B0A2341DA84F7D00BF5AE3 /* Demo4TabbarCell.m in Sources */,
				E7AAFBE61DA0F07400F22F21 /* FadingTabbarTransitionAnimation.m in Sources */,
				E7AAFBCA1DA0B2F800F22F21 /* AppDelegate.m in Sources */,
				E7AAFBCE1DA0B2F800F22F21 /* ChildVC.m in Sources */,
				E7AAFBCF1DA0B2F800F22F21 /* RSCustomTabbarController.m in Sources */,
			);
			runOnlyForDeploymentPostprocessing = 0;
		};
/* End PBXSourcesBuildPhase section */

/* Begin PBXVariantGroup section */
		E7AAFBA71DA0B2F800F22F21 /* LaunchScreen.storyboard */ = {
			isa = PBXVariantGroup;
			children = (
				E7AAFBA81DA0B2F800F22F21 /* Base */,
			);
			name = LaunchScreen.storyboard;
			sourceTree = "<group>";
		};
/* End PBXVariantGroup section */

/* Begin XCBuildConfiguration section */
		E7DC9B5A1D748AA2008DBEC9 /* Debug */ = {
			isa = XCBuildConfiguration;
			buildSettings = {
				ALWAYS_SEARCH_USER_PATHS = NO;
				CLANG_ANALYZER_NONNULL = YES;
				CLANG_CXX_LANGUAGE_STANDARD = "gnu++0x";
				CLANG_CXX_LIBRARY = "libc++";
				CLANG_ENABLE_MODULES = YES;
				CLANG_ENABLE_OBJC_ARC = YES;
				CLANG_WARN_BOOL_CONVERSION = YES;
				CLANG_WARN_CONSTANT_CONVERSION = YES;
				CLANG_WARN_DIRECT_OBJC_ISA_USAGE = YES_ERROR;
				CLANG_WARN_EMPTY_BODY = YES;
				CLANG_WARN_ENUM_CONVERSION = YES;
				CLANG_WARN_INT_CONVERSION = YES;
				CLANG_WARN_OBJC_ROOT_CLASS = YES_ERROR;
				CLANG_WARN_UNREACHABLE_CODE = YES;
				CLANG_WARN__DUPLICATE_METHOD_MATCH = YES;
				"CODE_SIGN_IDENTITY[sdk=iphoneos*]" = "iPhone Developer";
				COPY_PHASE_STRIP = NO;
				DEBUG_INFORMATION_FORMAT = dwarf;
				ENABLE_STRICT_OBJC_MSGSEND = YES;
				ENABLE_TESTABILITY = YES;
				GCC_C_LANGUAGE_STANDARD = gnu99;
				GCC_DYNAMIC_NO_PIC = NO;
				GCC_NO_COMMON_BLOCKS = YES;
				GCC_OPTIMIZATION_LEVEL = 0;
				GCC_PREPROCESSOR_DEFINITIONS = (
					"DEBUG=1",
					"$(inherited)",
				);
				GCC_WARN_64_TO_32_BIT_CONVERSION = YES;
				GCC_WARN_ABOUT_RETURN_TYPE = YES_ERROR;
				GCC_WARN_UNDECLARED_SELECTOR = YES;
				GCC_WARN_UNINITIALIZED_AUTOS = YES_AGGRESSIVE;
				GCC_WARN_UNUSED_FUNCTION = YES;
				GCC_WARN_UNUSED_VARIABLE = YES;
				IPHONEOS_DEPLOYMENT_TARGET = 9.3;
				MTL_ENABLE_DEBUG_INFO = YES;
				ONLY_ACTIVE_ARCH = YES;
				SDKROOT = iphoneos;
				TARGETED_DEVICE_FAMILY = "1,2";
			};
			name = Debug;
		};
		E7DC9B5B1D748AA2008DBEC9 /* Release */ = {
			isa = XCBuildConfiguration;
			buildSettings = {
				ALWAYS_SEARCH_USER_PATHS = NO;
				CLANG_ANALYZER_NONNULL = YES;
				CLANG_CXX_LANGUAGE_STANDARD = "gnu++0x";
				CLANG_CXX_LIBRARY = "libc++";
				CLANG_ENABLE_MODULES = YES;
				CLANG_ENABLE_OBJC_ARC = YES;
				CLANG_WARN_BOOL_CONVERSION = YES;
				CLANG_WARN_CONSTANT_CONVERSION = YES;
				CLANG_WARN_DIRECT_OBJC_ISA_USAGE = YES_ERROR;
				CLANG_WARN_EMPTY_BODY = YES;
				CLANG_WARN_ENUM_CONVERSION = YES;
				CLANG_WARN_INT_CONVERSION = YES;
				CLANG_WARN_OBJC_ROOT_CLASS = YES_ERROR;
				CLANG_WARN_UNREACHABLE_CODE = YES;
				CLANG_WARN__DUPLICATE_METHOD_MATCH = YES;
				"CODE_SIGN_IDENTITY[sdk=iphoneos*]" = "iPhone Developer";
				COPY_PHASE_STRIP = NO;
				DEBUG_INFORMATION_FORMAT = "dwarf-with-dsym";
				ENABLE_NS_ASSERTIONS = NO;
				ENABLE_STRICT_OBJC_MSGSEND = YES;
				GCC_C_LANGUAGE_STANDARD = gnu99;
				GCC_NO_COMMON_BLOCKS = YES;
				GCC_WARN_64_TO_32_BIT_CONVERSION = YES;
				GCC_WARN_ABOUT_RETURN_TYPE = YES_ERROR;
				GCC_WARN_UNDECLARED_SELECTOR = YES;
				GCC_WARN_UNINITIALIZED_AUTOS = YES_AGGRESSIVE;
				GCC_WARN_UNUSED_FUNCTION = YES;
				GCC_WARN_UNUSED_VARIABLE = YES;
				IPHONEOS_DEPLOYMENT_TARGET = 9.3;
				MTL_ENABLE_DEBUG_INFO = NO;
				SDKROOT = iphoneos;
				TARGETED_DEVICE_FAMILY = "1,2";
				VALIDATE_PRODUCT = YES;
			};
			name = Release;
		};
		E7DC9B5D1D748AA2008DBEC9 /* Debug */ = {
			isa = XCBuildConfiguration;
			buildSettings = {
				ASSETCATALOG_COMPILER_APPICON_NAME = AppIcon;
				CLANG_ENABLE_MODULES = YES;
				EMBEDDED_CONTENT_CONTAINS_SWIFT = YES;
				INFOPLIST_FILE = RSCustomTabbarController/Info.plist;
				LD_RUNPATH_SEARCH_PATHS = "$(inherited) @executable_path/Frameworks";
				PRODUCT_BUNDLE_IDENTIFIER = com.RSCustomTabbarController;
				PRODUCT_NAME = RSCustomTabbarController;
				SWIFT_OBJC_BRIDGING_HEADER = "RSCustomTabbarController/Demo5/RSCustomTabbarController-Bridging-Header.h";
				SWIFT_OPTIMIZATION_LEVEL = "-Onone";
			};
			name = Debug;
		};
		E7DC9B5E1D748AA2008DBEC9 /* Release */ = {
			isa = XCBuildConfiguration;
			buildSettings = {
				ASSETCATALOG_COMPILER_APPICON_NAME = AppIcon;
				CLANG_ENABLE_MODULES = YES;
				EMBEDDED_CONTENT_CONTAINS_SWIFT = YES;
				INFOPLIST_FILE = RSCustomTabbarController/Info.plist;
				LD_RUNPATH_SEARCH_PATHS = "$(inherited) @executable_path/Frameworks";
				PRODUCT_BUNDLE_IDENTIFIER = com.RSCustomTabbarController;
				PRODUCT_NAME = RSCustomTabbarController;
				SWIFT_OBJC_BRIDGING_HEADER = "RSCustomTabbarController/Demo5/RSCustomTabbarController-Bridging-Header.h";
			};
			name = Release;
		};
/* End XCBuildConfiguration section */

/* Begin XCConfigurationList section */
		E7DC9B401D748AA2008DBEC9 /* Build configuration list for PBXProject "RSCustomTabbarController" */ = {
			isa = XCConfigurationList;
			buildConfigurations = (
				E7DC9B5A1D748AA2008DBEC9 /* Debug */,
				E7DC9B5B1D748AA2008DBEC9 /* Release */,
			);
			defaultConfigurationIsVisible = 0;
			defaultConfigurationName = Release;
		};
		E7DC9B5C1D748AA2008DBEC9 /* Build configuration list for PBXNativeTarget "RSCustomTabbarController" */ = {
			isa = XCConfigurationList;
			buildConfigurations = (
				E7DC9B5D1D748AA2008DBEC9 /* Debug */,
				E7DC9B5E1D748AA2008DBEC9 /* Release */,
			);
			defaultConfigurationIsVisible = 0;
			defaultConfigurationName = Release;
		};
/* End XCConfigurationList section */
	};
	rootObject = E7DC9B3D1D748AA2008DBEC9 /* Project object */;
}
