// !$*UTF8*$!
{
	archiveVersion = 1;
	classes = {
	};
	objectVersion = 46;
	objects = {

/* Begin PBXBuildFile section */
		E711D15E1D84110E0004278C /* Demo3TabbarController.m in Sources */ = {isa = PBXBuildFile; fileRef = E711D15D1D84110E0004278C /* Demo3TabbarController.m */; };
		E711D1601D8411310004278C /* demo3.storyboard in Resources */ = {isa = PBXBuildFile; fileRef = E711D15F1D8411310004278C /* demo3.storyboard */; };
		E73EE1D91D760CD80060160F /* demo1.storyboard in Resources */ = {isa = PBXBuildFile; fileRef = E73EE1D41D760CD80060160F /* demo1.storyboard */; };
		E73EE1DA1D760CD80060160F /* Demo1TabbarController.m in Sources */ = {isa = PBXBuildFile; fileRef = E73EE1D61D760CD80060160F /* Demo1TabbarController.m */; };
		E73EE1DD1D760D380060160F /* demo2.storyboard in Resources */ = {isa = PBXBuildFile; fileRef = E73EE1DC1D760D380060160F /* demo2.storyboard */; };
		E73EE1E01D7613310060160F /* Demo2TabbarController.m in Sources */ = {isa = PBXBuildFile; fileRef = E73EE1DF1D7613310060160F /* Demo2TabbarController.m */; };
		E79D0D221D798D370033EDB6 /* childs.storyboard in Resources */ = {isa = PBXBuildFile; fileRef = E79D0D1F1D798D370033EDB6 /* childs.storyboard */; };
		E79D0D231D798D370033EDB6 /* ChildVC.m in Sources */ = {isa = PBXBuildFile; fileRef = E79D0D211D798D370033EDB6 /* ChildVC.m */; };
		E79D0D251D798D710033EDB6 /* menu.storyboard in Resources */ = {isa = PBXBuildFile; fileRef = E79D0D241D798D710033EDB6 /* menu.storyboard */; };
		E79D0D281D798D8E0033EDB6 /* MenuTableViewController.m in Sources */ = {isa = PBXBuildFile; fileRef = E79D0D271D798D8E0033EDB6 /* MenuTableViewController.m */; };
		E79D0D2B1D799D090033EDB6 /* MenuTableCell.m in Sources */ = {isa = PBXBuildFile; fileRef = E79D0D2A1D799D090033EDB6 /* MenuTableCell.m */; };
		E7DC9B4A1D748AA2008DBEC9 /* main.m in Sources */ = {isa = PBXBuildFile; fileRef = E7DC9B491D748AA2008DBEC9 /* main.m */; };
		E7DC9B4D1D748AA2008DBEC9 /* AppDelegate.m in Sources */ = {isa = PBXBuildFile; fileRef = E7DC9B4C1D748AA2008DBEC9 /* AppDelegate.m */; };
		E7DC9B551D748AA2008DBEC9 /* Assets.xcassets in Resources */ = {isa = PBXBuildFile; fileRef = E7DC9B541D748AA2008DBEC9 /* Assets.xcassets */; };
		E7DC9B581D748AA2008DBEC9 /* LaunchScreen.storyboard in Resources */ = {isa = PBXBuildFile; fileRef = E7DC9B561D748AA2008DBEC9 /* LaunchScreen.storyboard */; };
		E7DC9B621D748AEA008DBEC9 /* CustomTabbarController.m in Sources */ = {isa = PBXBuildFile; fileRef = E7DC9B611D748AEA008DBEC9 /* CustomTabbarController.m */; };
/* End PBXBuildFile section */

/* Begin PBXFileReference section */
		E711D15C1D84110E0004278C /* Demo3TabbarController.h */ = {isa = PBXFileReference; fileEncoding = 4; lastKnownFileType = sourcecode.c.h; path = Demo3TabbarController.h; sourceTree = "<group>"; };
		E711D15D1D84110E0004278C /* Demo3TabbarController.m */ = {isa = PBXFileReference; fileEncoding = 4; lastKnownFileType = sourcecode.c.objc; path = Demo3TabbarController.m; sourceTree = "<group>"; };
		E711D15F1D8411310004278C /* demo3.storyboard */ = {isa = PBXFileReference; fileEncoding = 4; lastKnownFileType = file.storyboard; path = demo3.storyboard; sourceTree = "<group>"; };
		E73EE1D41D760CD80060160F /* demo1.storyboard */ = {isa = PBXFileReference; fileEncoding = 4; lastKnownFileType = file.storyboard; path = demo1.storyboard; sourceTree = "<group>"; };
		E73EE1D51D760CD80060160F /* Demo1TabbarController.h */ = {isa = PBXFileReference; fileEncoding = 4; lastKnownFileType = sourcecode.c.h; path = Demo1TabbarController.h; sourceTree = "<group>"; };
		E73EE1D61D760CD80060160F /* Demo1TabbarController.m */ = {isa = PBXFileReference; fileEncoding = 4; lastKnownFileType = sourcecode.c.objc; path = Demo1TabbarController.m; sourceTree = "<group>"; };
		E73EE1DC1D760D380060160F /* demo2.storyboard */ = {isa = PBXFileReference; fileEncoding = 4; lastKnownFileType = file.storyboard; path = demo2.storyboard; sourceTree = "<group>"; };
		E73EE1DE1D7613310060160F /* Demo2TabbarController.h */ = {isa = PBXFileReference; fileEncoding = 4; lastKnownFileType = sourcecode.c.h; path = Demo2TabbarController.h; sourceTree = "<group>"; };
		E73EE1DF1D7613310060160F /* Demo2TabbarController.m */ = {isa = PBXFileReference; fileEncoding = 4; lastKnownFileType = sourcecode.c.objc; path = Demo2TabbarController.m; sourceTree = "<group>"; };
		E79D0D1F1D798D370033EDB6 /* childs.storyboard */ = {isa = PBXFileReference; fileEncoding = 4; lastKnownFileType = file.storyboard; path = childs.storyboard; sourceTree = "<group>"; };
		E79D0D201D798D370033EDB6 /* ChildVC.h */ = {isa = PBXFileReference; fileEncoding = 4; lastKnownFileType = sourcecode.c.h; path = ChildVC.h; sourceTree = "<group>"; };
		E79D0D211D798D370033EDB6 /* ChildVC.m */ = {isa = PBXFileReference; fileEncoding = 4; lastKnownFileType = sourcecode.c.objc; path = ChildVC.m; sourceTree = "<group>"; };
		E79D0D241D798D710033EDB6 /* menu.storyboard */ = {isa = PBXFileReference; fileEncoding = 4; lastKnownFileType = file.storyboard; path = menu.storyboard; sourceTree = "<group>"; };
		E79D0D261D798D8E0033EDB6 /* MenuTableViewController.h */ = {isa = PBXFileReference; fileEncoding = 4; lastKnownFileType = sourcecode.c.h; path = MenuTableViewController.h; sourceTree = "<group>"; };
		E79D0D271D798D8E0033EDB6 /* MenuTableViewController.m */ = {isa = PBXFileReference; fileEncoding = 4; lastKnownFileType = sourcecode.c.objc; path = MenuTableViewController.m; sourceTree = "<group>"; };
		E79D0D291D799D090033EDB6 /* MenuTableCell.h */ = {isa = PBXFileReference; fileEncoding = 4; lastKnownFileType = sourcecode.c.h; path = MenuTableCell.h; sourceTree = "<group>"; };
		E79D0D2A1D799D090033EDB6 /* MenuTableCell.m */ = {isa = PBXFileReference; fileEncoding = 4; lastKnownFileType = sourcecode.c.objc; path = MenuTableCell.m; sourceTree = "<group>"; };
		E7DC9B451D748AA2008DBEC9 /* CustomTabbarController.app */ = {isa = PBXFileReference; explicitFileType = wrapper.application; includeInIndex = 0; path = CustomTabbarController.app; sourceTree = BUILT_PRODUCTS_DIR; };
		E7DC9B491D748AA2008DBEC9 /* main.m */ = {isa = PBXFileReference; lastKnownFileType = sourcecode.c.objc; path = main.m; sourceTree = "<group>"; };
		E7DC9B4B1D748AA2008DBEC9 /* AppDelegate.h */ = {isa = PBXFileReference; lastKnownFileType = sourcecode.c.h; path = AppDelegate.h; sourceTree = "<group>"; };
		E7DC9B4C1D748AA2008DBEC9 /* AppDelegate.m */ = {isa = PBXFileReference; lastKnownFileType = sourcecode.c.objc; path = AppDelegate.m; sourceTree = "<group>"; };
		E7DC9B541D748AA2008DBEC9 /* Assets.xcassets */ = {isa = PBXFileReference; lastKnownFileType = folder.assetcatalog; path = Assets.xcassets; sourceTree = "<group>"; };
		E7DC9B571D748AA2008DBEC9 /* Base */ = {isa = PBXFileReference; lastKnownFileType = file.storyboard; name = Base; path = Base.lproj/LaunchScreen.storyboard; sourceTree = "<group>"; };
		E7DC9B591D748AA2008DBEC9 /* Info.plist */ = {isa = PBXFileReference; lastKnownFileType = text.plist.xml; path = Info.plist; sourceTree = "<group>"; };
		E7DC9B601D748AEA008DBEC9 /* CustomTabbarController.h */ = {isa = PBXFileReference; fileEncoding = 4; lastKnownFileType = sourcecode.c.h; path = CustomTabbarController.h; sourceTree = "<group>"; };
		E7DC9B611D748AEA008DBEC9 /* CustomTabbarController.m */ = {isa = PBXFileReference; fileEncoding = 4; lastKnownFileType = sourcecode.c.objc; path = CustomTabbarController.m; sourceTree = "<group>"; };
/* End PBXFileReference section */

/* Begin PBXFrameworksBuildPhase section */
		E7DC9B421D748AA2008DBEC9 /* Frameworks */ = {
			isa = PBXFrameworksBuildPhase;
			buildActionMask = 2147483647;
			files = (
			);
			runOnlyForDeploymentPostprocessing = 0;
		};
/* End PBXFrameworksBuildPhase section */

/* Begin PBXGroup section */
		E711D15B1D8410BE0004278C /* Demo3 */ = {
			isa = PBXGroup;
			children = (
				E711D15C1D84110E0004278C /* Demo3TabbarController.h */,
				E711D15D1D84110E0004278C /* Demo3TabbarController.m */,
				E711D15F1D8411310004278C /* demo3.storyboard */,
			);
			path = Demo3;
			sourceTree = "<group>";
		};
		E73EE1D01D760CD80060160F /* Demo1 */ = {
			isa = PBXGroup;
			children = (
				E73EE1D41D760CD80060160F /* demo1.storyboard */,
				E73EE1D51D760CD80060160F /* Demo1TabbarController.h */,
				E73EE1D61D760CD80060160F /* Demo1TabbarController.m */,
			);
			path = Demo1;
			sourceTree = "<group>";
		};
		E73EE1DB1D760CFF0060160F /* Demo2 */ = {
			isa = PBXGroup;
			children = (
				E73EE1DC1D760D380060160F /* demo2.storyboard */,
				E73EE1DE1D7613310060160F /* Demo2TabbarController.h */,
				E73EE1DF1D7613310060160F /* Demo2TabbarController.m */,
			);
			path = Demo2;
			sourceTree = "<group>";
		};
		E79D0D1E1D798D370033EDB6 /* common */ = {
			isa = PBXGroup;
			children = (
				E79D0D201D798D370033EDB6 /* ChildVC.h */,
				E79D0D1F1D798D370033EDB6 /* childs.storyboard */,
				E79D0D211D798D370033EDB6 /* ChildVC.m */,
			);
			path = common;
			sourceTree = "<group>";
		};
		E7DC9B3C1D748AA2008DBEC9 = {
			isa = PBXGroup;
			children = (
				E7DC9B471D748AA2008DBEC9 /* CustomTabbarController */,
				E7DC9B461D748AA2008DBEC9 /* Products */,
			);
			sourceTree = "<group>";
		};
		E7DC9B461D748AA2008DBEC9 /* Products */ = {
			isa = PBXGroup;
			children = (
				E7DC9B451D748AA2008DBEC9 /* CustomTabbarController.app */,
			);
			name = Products;
			sourceTree = "<group>";
		};
		E7DC9B471D748AA2008DBEC9 /* CustomTabbarController */ = {
			isa = PBXGroup;
			children = (
				E79D0D1E1D798D370033EDB6 /* common */,
				E7DC9B5F1D748ACC008DBEC9 /* CustomTabbarConroller */,
				E73EE1D01D760CD80060160F /* Demo1 */,
				E73EE1DB1D760CFF0060160F /* Demo2 */,
				E711D15B1D8410BE0004278C /* Demo3 */,
				E7DC9B4B1D748AA2008DBEC9 /* AppDelegate.h */,
				E7DC9B4C1D748AA2008DBEC9 /* AppDelegate.m */,
				E79D0D241D798D710033EDB6 /* menu.storyboard */,
				E79D0D261D798D8E0033EDB6 /* MenuTableViewController.h */,
				E79D0D271D798D8E0033EDB6 /* MenuTableViewController.m */,
				E79D0D291D799D090033EDB6 /* MenuTableCell.h */,
				E79D0D2A1D799D090033EDB6 /* MenuTableCell.m */,
				E7DC9B541D748AA2008DBEC9 /* Assets.xcassets */,
				E7DC9B561D748AA2008DBEC9 /* LaunchScreen.storyboard */,
				E7DC9B591D748AA2008DBEC9 /* Info.plist */,
				E7DC9B481D748AA2008DBEC9 /* Supporting Files */,
			);
			path = CustomTabbarController;
			sourceTree = "<group>";
		};
		E7DC9B481D748AA2008DBEC9 /* Supporting Files */ = {
			isa = PBXGroup;
			children = (
				E7DC9B491D748AA2008DBEC9 /* main.m */,
			);
			name = "Supporting Files";
			sourceTree = "<group>";
		};
		E7DC9B5F1D748ACC008DBEC9 /* CustomTabbarConroller */ = {
			isa = PBXGroup;
			children = (
				E7DC9B601D748AEA008DBEC9 /* CustomTabbarController.h */,
				E7DC9B611D748AEA008DBEC9 /* CustomTabbarController.m */,
			);
			path = CustomTabbarConroller;
			sourceTree = "<group>";
		};
/* End PBXGroup section */

/* Begin PBXNativeTarget section */
		E7DC9B441D748AA2008DBEC9 /* CustomTabbarController */ = {
			isa = PBXNativeTarget;
			buildConfigurationList = E7DC9B5C1D748AA2008DBEC9 /* Build configuration list for PBXNativeTarget "CustomTabbarController" */;
			buildPhases = (
				E7DC9B411D748AA2008DBEC9 /* Sources */,
				E7DC9B421D748AA2008DBEC9 /* Frameworks */,
				E7DC9B431D748AA2008DBEC9 /* Resources */,
			);
			buildRules = (
			);
			dependencies = (
			);
			name = CustomTabbarController;
			productName = CustomTabbarController;
			productReference = E7DC9B451D748AA2008DBEC9 /* CustomTabbarController.app */;
			productType = "com.apple.product-type.application";
		};
/* End PBXNativeTarget section */

/* Begin PBXProject section */
		E7DC9B3D1D748AA2008DBEC9 /* Project object */ = {
			isa = PBXProject;
			attributes = {
				LastUpgradeCheck = 0730;
				ORGANIZATIONNAME = funtoos;
				TargetAttributes = {
					E7DC9B441D748AA2008DBEC9 = {
						CreatedOnToolsVersion = 7.3.1;
					};
				};
			};
			buildConfigurationList = E7DC9B401D748AA2008DBEC9 /* Build configuration list for PBXProject "CustomTabbarController" */;
			compatibilityVersion = "Xcode 3.2";
			developmentRegion = English;
			hasScannedForEncodings = 0;
			knownRegions = (
				en,
				Base,
			);
			mainGroup = E7DC9B3C1D748AA2008DBEC9;
			productRefGroup = E7DC9B461D748AA2008DBEC9 /* Products */;
			projectDirPath = "";
			projectRoot = "";
			targets = (
				E7DC9B441D748AA2008DBEC9 /* CustomTabbarController */,
			);
		};
/* End PBXProject section */

/* Begin PBXResourcesBuildPhase section */
		E7DC9B431D748AA2008DBEC9 /* Resources */ = {
			isa = PBXResourcesBuildPhase;
			buildActionMask = 2147483647;
			files = (
				E7DC9B581D748AA2008DBEC9 /* LaunchScreen.storyboard in Resources */,
				E79D0D221D798D370033EDB6 /* childs.storyboard in Resources */,
				E73EE1DD1D760D380060160F /* demo2.storyboard in Resources */,
				E79D0D251D798D710033EDB6 /* menu.storyboard in Resources */,
				E711D1601D8411310004278C /* demo3.storyboard in Resources */,
				E7DC9B551D748AA2008DBEC9 /* Assets.xcassets in Resources */,
				E73EE1D91D760CD80060160F /* demo1.storyboard in Resources */,
			);
			runOnlyForDeploymentPostprocessing = 0;
		};
/* End PBXResourcesBuildPhase section */

/* Begin PBXSourcesBuildPhase section */
		E7DC9B411D748AA2008DBEC9 /* Sources */ = {
			isa = PBXSourcesBuildPhase;
			buildActionMask = 2147483647;
			files = (
				E7DC9B4D1D748AA2008DBEC9 /* AppDelegate.m in Sources */,
				E711D15E1D84110E0004278C /* Demo3TabbarController.m in Sources */,
				E79D0D231D798D370033EDB6 /* ChildVC.m in Sources */,
				E73EE1E01D7613310060160F /* Demo2TabbarController.m in Sources */,
				E73EE1DA1D760CD80060160F /* Demo1TabbarController.m in Sources */,
				E79D0D281D798D8E0033EDB6 /* MenuTableViewController.m in Sources */,
				E7DC9B621D748AEA008DBEC9 /* CustomTabbarController.m in Sources */,
				E7DC9B4A1D748AA2008DBEC9 /* main.m in Sources */,
				E79D0D2B1D799D090033EDB6 /* MenuTableCell.m in Sources */,
			);
			runOnlyForDeploymentPostprocessing = 0;
		};
/* End PBXSourcesBuildPhase section */

/* Begin PBXVariantGroup section */
		E7DC9B561D748AA2008DBEC9 /* LaunchScreen.storyboard */ = {
			isa = PBXVariantGroup;
			children = (
				E7DC9B571D748AA2008DBEC9 /* Base */,
			);
			name = LaunchScreen.storyboard;
			sourceTree = "<group>";
		};
/* End PBXVariantGroup section */

/* Begin XCBuildConfiguration section */
		E7DC9B5A1D748AA2008DBEC9 /* Debug */ = {
			isa = XCBuildConfiguration;
			buildSettings = {
				ALWAYS_SEARCH_USER_PATHS = NO;
				CLANG_ANALYZER_NONNULL = YES;
				CLANG_CXX_LANGUAGE_STANDARD = "gnu++0x";
				CLANG_CXX_LIBRARY = "libc++";
				CLANG_ENABLE_MODULES = YES;
				CLANG_ENABLE_OBJC_ARC = YES;
				CLANG_WARN_BOOL_CONVERSION = YES;
				CLANG_WARN_CONSTANT_CONVERSION = YES;
				CLANG_WARN_DIRECT_OBJC_ISA_USAGE = YES_ERROR;
				CLANG_WARN_EMPTY_BODY = YES;
				CLANG_WARN_ENUM_CONVERSION = YES;
				CLANG_WARN_INT_CONVERSION = YES;
				CLANG_WARN_OBJC_ROOT_CLASS = YES_ERROR;
				CLANG_WARN_UNREACHABLE_CODE = YES;
				CLANG_WARN__DUPLICATE_METHOD_MATCH = YES;
				"CODE_SIGN_IDENTITY[sdk=iphoneos*]" = "iPhone Developer";
				COPY_PHASE_STRIP = NO;
				DEBUG_INFORMATION_FORMAT = dwarf;
				ENABLE_STRICT_OBJC_MSGSEND = YES;
				ENABLE_TESTABILITY = YES;
				GCC_C_LANGUAGE_STANDARD = gnu99;
				GCC_DYNAMIC_NO_PIC = NO;
				GCC_NO_COMMON_BLOCKS = YES;
				GCC_OPTIMIZATION_LEVEL = 0;
				GCC_PREPROCESSOR_DEFINITIONS = (
					"DEBUG=1",
					"$(inherited)",
				);
				GCC_WARN_64_TO_32_BIT_CONVERSION = YES;
				GCC_WARN_ABOUT_RETURN_TYPE = YES_ERROR;
				GCC_WARN_UNDECLARED_SELECTOR = YES;
				GCC_WARN_UNINITIALIZED_AUTOS = YES_AGGRESSIVE;
				GCC_WARN_UNUSED_FUNCTION = YES;
				GCC_WARN_UNUSED_VARIABLE = YES;
				IPHONEOS_DEPLOYMENT_TARGET = 9.3;
				MTL_ENABLE_DEBUG_INFO = YES;
				ONLY_ACTIVE_ARCH = YES;
				SDKROOT = iphoneos;
				TARGETED_DEVICE_FAMILY = "1,2";
			};
			name = Debug;
		};
		E7DC9B5B1D748AA2008DBEC9 /* Release */ = {
			isa = XCBuildConfiguration;
			buildSettings = {
				ALWAYS_SEARCH_USER_PATHS = NO;
				CLANG_ANALYZER_NONNULL = YES;
				CLANG_CXX_LANGUAGE_STANDARD = "gnu++0x";
				CLANG_CXX_LIBRARY = "libc++";
				CLANG_ENABLE_MODULES = YES;
				CLANG_ENABLE_OBJC_ARC = YES;
				CLANG_WARN_BOOL_CONVERSION = YES;
				CLANG_WARN_CONSTANT_CONVERSION = YES;
				CLANG_WARN_DIRECT_OBJC_ISA_USAGE = YES_ERROR;
				CLANG_WARN_EMPTY_BODY = YES;
				CLANG_WARN_ENUM_CONVERSION = YES;
				CLANG_WARN_INT_CONVERSION = YES;
				CLANG_WARN_OBJC_ROOT_CLASS = YES_ERROR;
				CLANG_WARN_UNREACHABLE_CODE = YES;
				CLANG_WARN__DUPLICATE_METHOD_MATCH = YES;
				"CODE_SIGN_IDENTITY[sdk=iphoneos*]" = "iPhone Developer";
				COPY_PHASE_STRIP = NO;
				DEBUG_INFORMATION_FORMAT = "dwarf-with-dsym";
				ENABLE_NS_ASSERTIONS = NO;
				ENABLE_STRICT_OBJC_MSGSEND = YES;
				GCC_C_LANGUAGE_STANDARD = gnu99;
				GCC_NO_COMMON_BLOCKS = YES;
				GCC_WARN_64_TO_32_BIT_CONVERSION = YES;
				GCC_WARN_ABOUT_RETURN_TYPE = YES_ERROR;
				GCC_WARN_UNDECLARED_SELECTOR = YES;
				GCC_WARN_UNINITIALIZED_AUTOS = YES_AGGRESSIVE;
				GCC_WARN_UNUSED_FUNCTION = YES;
				GCC_WARN_UNUSED_VARIABLE = YES;
				IPHONEOS_DEPLOYMENT_TARGET = 9.3;
				MTL_ENABLE_DEBUG_INFO = NO;
				SDKROOT = iphoneos;
				TARGETED_DEVICE_FAMILY = "1,2";
				VALIDATE_PRODUCT = YES;
			};
			name = Release;
		};
		E7DC9B5D1D748AA2008DBEC9 /* Debug */ = {
			isa = XCBuildConfiguration;
			buildSettings = {
				ASSETCATALOG_COMPILER_APPICON_NAME = AppIcon;
				INFOPLIST_FILE = CustomTabbarController/Info.plist;
				LD_RUNPATH_SEARCH_PATHS = "$(inherited) @executable_path/Frameworks";
				PRODUCT_BUNDLE_IDENTIFIER = com.CustomTabbarController;
				PRODUCT_NAME = "$(TARGET_NAME)";
			};
			name = Debug;
		};
		E7DC9B5E1D748AA2008DBEC9 /* Release */ = {
			isa = XCBuildConfiguration;
			buildSettings = {
				ASSETCATALOG_COMPILER_APPICON_NAME = AppIcon;
				INFOPLIST_FILE = CustomTabbarController/Info.plist;
				LD_RUNPATH_SEARCH_PATHS = "$(inherited) @executable_path/Frameworks";
				PRODUCT_BUNDLE_IDENTIFIER = com.CustomTabbarController;
				PRODUCT_NAME = "$(TARGET_NAME)";
			};
			name = Release;
		};
/* End XCBuildConfiguration section */

/* Begin XCConfigurationList section */
		E7DC9B401D748AA2008DBEC9 /* Build configuration list for PBXProject "CustomTabbarController" */ = {
			isa = XCConfigurationList;
			buildConfigurations = (
				E7DC9B5A1D748AA2008DBEC9 /* Debug */,
				E7DC9B5B1D748AA2008DBEC9 /* Release */,
			);
			defaultConfigurationIsVisible = 0;
			defaultConfigurationName = Release;
		};
		E7DC9B5C1D748AA2008DBEC9 /* Build configuration list for PBXNativeTarget "CustomTabbarController" */ = {
			isa = XCConfigurationList;
			buildConfigurations = (
				E7DC9B5D1D748AA2008DBEC9 /* Debug */,
				E7DC9B5E1D748AA2008DBEC9 /* Release */,
			);
			defaultConfigurationIsVisible = 0;
			defaultConfigurationName = Release;
		};
/* End XCConfigurationList section */
	};
	rootObject = E7DC9B3D1D748AA2008DBEC9 /* Project object */;
}
